
Microsoft Visual Studio Solution File, Format Version 12.00
# Visual Studio 15
VisualStudioVersion = 15.0.28010.2016
MinimumVisualStudioVersion = 10.0.40219.1
Project("{FAE04EC0-301F-11D3-BF4B-00C04F79EFBC}") = "Lesson5", "Lesson5\Lesson5.csproj", "{B95F29B9-7AE6-4112-A385-3E416F76455C}"
EndProject
Global
	GlobalSection(SolutionConfigurationPlatforms) = preSolution
		Debug|Any CPU = Debug|Any CPU
		Release|Any CPU = Release|Any CPU
	EndGlobalSection
	GlobalSection(ProjectConfigurationPlatforms) = postSolution
		{B95F29B9-7AE6-4112-A385-3E416F76455C}.Debug|Any CPU.ActiveCfg = Debug|Any CPU
		{B95F29B9-7AE6-4112-A385-3E416F76455C}.Debug|Any CPU.Build.0 = Debug|Any CPU
		{B95F29B9-7AE6-4112-A385-3E416F76455C}.Release|Any CPU.ActiveCfg = Release|Any CPU
		{B95F29B9-7AE6-4112-A385-3E416F76455C}.Release|Any CPU.Build.0 = Release|Any CPU
	EndGlobalSection
	GlobalSection(SolutionProperties) = preSolution
		HideSolutionNode = FALSE
	EndGlobalSection
	GlobalSection(ExtensibilityGlobals) = postSolution
		SolutionGuid = {62D8EA6E-40B4-43D7-84D4-717BB8BF0BEE}
	EndGlobalSection
EndGlobal
